Microsoft Visual Studio Solution File, Format Version 11.00
# Visual Studio 2008

Project("{2F687D6B-A72D-4687-7DD8-61776F618FB9}") = "GeesePizza", "Assembly-CSharp.csproj", "{8D8EEE2B-6504-36D8-4FD7-9033AD457999}"
EndProject
Global
	GlobalSection(SolutionConfigurationPlatforms) = preSolution
		Debug|Any CPU = Debug|Any CPU
		Release|Any CPU = Release|Any CPU
	EndGlobalSection
	GlobalSection(ProjectConfigurationPlatforms) = postSolution
		{8D8EEE2B-6504-36D8-4FD7-9033AD457999}.Debug|Any CPU.ActiveCfg = Debug|Any CPU
		{8D8EEE2B-6504-36D8-4FD7-9033AD457999}.Debug|Any CPU.Build.0 = Debug|Any CPU
		{8D8EEE2B-6504-36D8-4FD7-9033AD457999}.Release|Any CPU.ActiveCfg = Release|Any CPU
		{8D8EEE2B-6504-36D8-4FD7-9033AD457999}.Release|Any CPU.Build.0 = Release|Any CPU
	EndGlobalSection
	GlobalSection(SolutionProperties) = preSolution
		HideSolutionNode = FALSE
	EndGlobalSection
	GlobalSection(MonoDevelopProperties) = preSolution
		StartupItem = Assembly-CSharp.csproj
	EndGlobalSection
EndGlobal
